
Microsoft Visual Studio Solution File, Format Version 12.00
# Visual Studio Version 17
VisualStudioVersion = 17.8.34511.84
MinimumVisualStudioVersion = 10.0.40219.1
Project("{FAE04EC0-301F-11D3-BF4B-00C04F79EFBC}") = "CPP1", "CPP1\CPP1.csproj", "{A3A9AD05-4B01-4096-9761-8BA41498B86C}"
EndProject
Global
	GlobalSection(SolutionConfigurationPlatforms) = preSolution
		Debug|Any CPU = Debug|Any CPU
		Release|Any CPU = Release|Any CPU
	EndGlobalSection
	GlobalSection(ProjectConfigurationPlatforms) = postSolution
		{A3A9AD05-4B01-4096-9761-8BA41498B86C}.Debug|Any CPU.ActiveCfg = Debug|Any CPU
		{A3A9AD05-4B01-4096-9761-8BA41498B86C}.Debug|Any CPU.Build.0 = Debug|Any CPU
		{A3A9AD05-4B01-4096-9761-8BA41498B86C}.Release|Any CPU.ActiveCfg = Release|Any CPU
		{A3A9AD05-4B01-4096-9761-8BA41498B86C}.Release|Any CPU.Build.0 = Release|Any CPU
	EndGlobalSection
	GlobalSection(SolutionProperties) = preSolution
		HideSolutionNode = FALSE
	EndGlobalSection
	GlobalSection(ExtensibilityGlobals) = postSolution
		SolutionGuid = {DA71701A-D6BE-4C99-A6CF-9F4E726ED02E}
	EndGlobalSection
EndGlobal
